
Microsoft Visual Studio Solution File, Format Version 12.00
# Visual Studio 2012
Project("{FAE04EC0-301F-11D3-BF4B-00C04F79EFBC}") = "Celeste", "Celeste.csproj", "{EC0A1C39-5BBD-4F61-B821-ECBE485224DC}"
EndProject
Project("{FAE04EC0-301F-11D3-BF4B-00C04F79EFBC}") = "FNA", "..\FNA\FNA.csproj", "{35253CE1-C864-4CD3-8249-4D1319748E8F}"
EndProject
Project("{FAE04EC0-301F-11D3-BF4B-00C04F79EFBC}") = "TestCeleste", "TestCeleste\TestCeleste.csproj", "{E80A81C1-C9E7-4673-AAAC-6FC98D455687}"
EndProject
Global
	GlobalSection(SolutionConfigurationPlatforms) = preSolution
		Debug|Any CPU = Debug|Any CPU
		Release|Any CPU = Release|Any CPU
	EndGlobalSection
	GlobalSection(ProjectConfigurationPlatforms) = postSolution
		{EC0A1C39-5BBD-4F61-B821-ECBE485224DC}.Debug|Any CPU.ActiveCfg = Debug|Any CPU
		{EC0A1C39-5BBD-4F61-B821-ECBE485224DC}.Debug|Any CPU.Build.0 = Debug|Any CPU
		{EC0A1C39-5BBD-4F61-B821-ECBE485224DC}.Release|Any CPU.ActiveCfg = Release|Any CPU
		{EC0A1C39-5BBD-4F61-B821-ECBE485224DC}.Release|Any CPU.Build.0 = Release|Any CPU
		{35253CE1-C864-4CD3-8249-4D1319748E8F}.Debug|Any CPU.ActiveCfg = Debug|Any CPU
		{35253CE1-C864-4CD3-8249-4D1319748E8F}.Debug|Any CPU.Build.0 = Debug|Any CPU
		{35253CE1-C864-4CD3-8249-4D1319748E8F}.Release|Any CPU.ActiveCfg = Release|Any CPU
		{35253CE1-C864-4CD3-8249-4D1319748E8F}.Release|Any CPU.Build.0 = Release|Any CPU
		{E80A81C1-C9E7-4673-AAAC-6FC98D455687}.Debug|Any CPU.ActiveCfg = Debug|Any CPU
		{E80A81C1-C9E7-4673-AAAC-6FC98D455687}.Debug|Any CPU.Build.0 = Debug|Any CPU
		{E80A81C1-C9E7-4673-AAAC-6FC98D455687}.Release|Any CPU.ActiveCfg = Release|Any CPU
		{E80A81C1-C9E7-4673-AAAC-6FC98D455687}.Release|Any CPU.Build.0 = Release|Any CPU
	EndGlobalSection
	GlobalSection(SolutionProperties) = preSolution
		HideSolutionNode = FALSE
	EndGlobalSection
EndGlobal
